{
    "_meta": {
        "hash": {
            "sha256": "01f0a5a508d834fe98c9d9653a1f73333d560f22419cdfc3d5882c75dee4245a"
        },
        "host-environment-markers": {
            "implementation_name": "cpython",
            "implementation_version": "3.6.5",
            "os_name": "posix",
            "platform_machine": "x86_64",
            "platform_python_implementation": "CPython",
            "platform_release": "4.15.17-200.fc26.x86_64",
            "platform_system": "Linux",
            "platform_version": "#1 SMP Thu Apr 12 18:28:26 UTC 2018",
            "python_full_version": "3.6.5",
            "python_version": "3.6",
            "sys_platform": "linux"
        },
        "pipfile-spec": 6,
        "requires": {},
        "sources": [
            {
                "name": "pypi",
                "url": "https://pypi.python.org/simple",
                "verify_ssl": true
            }
        ]
    },
    "default": {
        "cftime": {
            "hashes": [
                "sha256:ef69d9e3445d828aee1193d86ee62dee34143a8b8b4928a8277aab6787b16628",
                "sha256:f62fe79ed2ad38f4211477e59f6f045c91278351f4ce7578e33ddf52fb121ea8"
            ],
            "version": "==1.0.0"
        },
        "cython": {
            "hashes": [
                "sha256:e05d28b5ce1ee5939d83e50344980659688ecaed65c5e10214d817ecf5d1fe6a",
                "sha256:4cfda677227af41e4502e088ee9875e71922238a207d0c40785a0fb09c703c21",
                "sha256:0d2ccb812d73e67557fd16e7aa7bc5bac18933c1dfe306133cd0680ccab89f33",
                "sha256:7656895cdd59d56dd4ed326d1ee9ede727020d4a5d8778a05af2d8e25af4b13d",
                "sha256:6ba89d56c3ee45716378cda4f0490c3abe1edf79dce8b997f31608b14748a52b",
                "sha256:4ec60a4086a175a81b9258f810440a6dd2671aa4b419d8248546d85a7de6a93f",
                "sha256:9a465e7296a4629139be5d2015577f2ae5e08196eb7dc4c407beea130f362dc3",
                "sha256:96dd674e72281d3feed74fd5adcf0514ba02884f123cdf4fb78567e7be6b1694",
                "sha256:03db8c1b8120039f72493b95494a595be13b01b6860cfc93e2a651a001847b3b",
                "sha256:c623d19fcc60ea27882f20cf484218926ddf6f978b958dae1070600a1974f809",
                "sha256:9eab3696f2cb88167db109d737c787fb9dd34ca414bd1e0c424e307956e02c94",
                "sha256:67e0359709c8addc3ecb19e1dec6d84d67647e3906da618b953001f6d4480275",
                "sha256:9a60355edca1cc9006be086e2633e190542aad2bf9e46948792a48b3ae28ed97",
                "sha256:6ca5436d470584ba6fd399a802c9d0bcf76cf1edb0123725a4de2f0048f9fa07",
                "sha256:c3ae7d40ebceb0d944dfeeceaf1fbf17e528f5327d97b008a8623ddddd1ecee3",
                "sha256:cf17af0433218a1e33dc6f3069dd9e7cd0c80fe505972c3acd548e25f67973fd",
                "sha256:85f7432776870d65639fed00f951a3c05ef1e534bc72a73cd1200d79b9a7d7d0",
                "sha256:51c7d48ea4cba532d11a6d128ebbc15373013f816e5d1c3a3946650b582a30b8",
                "sha256:97bf06a89bcf9e8d7633cde89274d42b3b661dc974b58fca066fad762e46b4d8",
                "sha256:6a93d4ba0461edc7a359241f4ebbaa8f9bc9490b3540a8dd0460bef8c2c706db",
                "sha256:24f8ea864de733f5a447896cbeec2cac212247e33272539670b9f466f43f23db",
                "sha256:f5f6694ce668eb7a9b59550bfe4265258809c9b0665c206b26d697df2eef2a8b",
                "sha256:db40de7d03842d3c4625028a74189ade52b27f8efaeb0d2ca06474f57e0813b2",
                "sha256:c719a6e86d7c737afcc9729994f76b284d1c512099ee803eff11c2a9e6e33a42",
                "sha256:4984e097bc9da37862d97c1f66dacf2c80fadaea488d96ba0b5ea9d84dbc7521",
                "sha256:37e680901e6a4b97ab67717f9b43fc58542cd10a77431efd2d8801d21d5a37d4",
                "sha256:daf96e0d232605e979995795f62ffd24c5c6ecea4526e4cbb86d80f01da954b2",
                "sha256:30a8fd029eb932a7b5a74e158316d1d069ccb67a8607aa7b6c4ed19fab7fbd4a",
                "sha256:deea1ef59445568dd7738fa3913aea7747e4927ff4ae3c10737844b8a5dd3e22",
                "sha256:634e2f10fc8d026c633cffacb45cd8f4582149fa68e1428124e762dbc566e68a"
            ],
            "version": "==0.28.2"
        },
        "netcdf4": {
            "hashes": [
                "sha256:8434c781496c2f015c55432211e62d204836d28f6ae594ffe13e4721e6b18520",
                "sha256:03fa570e52860ded5cfa0783495d5a9739783668bdf002fc37cee52b2531dedf",
                "sha256:83047a420e937a0351ddb32a3ed119db54ce779e2c39026fdc4b4df9647e57b9",
                "sha256:e9292078efd9b7aca7ce82c9f2b915c4a82b8a0c21f7aba6e1794a573a0315df",
                "sha256:27676ebb98a1405e161c0d2c2ba54a347286f3d2a9370570296fa31c336b0829",
                "sha256:0b0fc37bf6b85beada4535fd67fdf4882c60371251a7dc97beca17e034704119",
                "sha256:77fdea127358d06ab063ca4163530df030fa0fe571f9ccfe205d5f5d455421b3",
                "sha256:9b82bdc43d17dc4f8d7a87dedcde1d5065fa8d30d61d72c2af067fc9627e4946",
                "sha256:f2da6bbf3ba4217154b7ea7763268e25e24c1dbf1028a0a299143c8f0d2984d8",
                "sha256:a00c155250d2fde448a5c5bae1cddc799989d19f16c9311456ca2776cadc104e",
                "sha256:dd1f81c7427ddbde8dc75f005e15275007798a2e7c294227644558fad4cca4fa",
                "sha256:b9ef0157fb8ab47245bf434a6041c6730c1b47282aedfbcb26c461acfe60ab94",
                "sha256:fddc614b9ebe047480cb1a2f78ef337478d1e51518a52ba2c9c1fd59bddbe466",
                "sha256:9a9349676fefd3b47e1ec144cc9fe545090ebf672f33286d2f6d4577ee717049",
                "sha256:5b0b5a65cd5bf7912bf650ff0311c9cd70d5f975df40c16f076dd57c16126a7f",
                "sha256:236c2eec55f03e3cba57ee4c16e0cd5371cfc514b72a3e624521662dacffd27e",
                "sha256:257bf2ae92826176f6def0bdfd242007bddc8285442307f6828d8d60c7ed2031",
                "sha256:d414171b84c974f1bb2682025df6d37d655f313df92a9d12c97aeb72aac1e977",
                "sha256:b61205c7c331a38451b88e0a559ce9b5835c5c5be5bb2885b4557cb477327a57",
                "sha256:2276aa6d62fd40fa228f2bf5f964f6f5250b3c5fec941eb3d20b9559da6deb32",
                "sha256:c4889f42e88eeb659e2b045e45901659208a6e53699acf0482985bf769e55d30",
                "sha256:c41abedfe0d112ccd67bfff75e9bbd448a33e676658ff8043e5e87eca00b53ce",
                "sha256:4af5a7c8604952243412b393005a982aecad06f6d1ea000679d239379509dc28",
                "sha256:1e042a617de6660f808506f0b7783475d7bde8a390b10f63ec62f8ba0d921919",
                "sha256:a6c0b46f410f101c09d60b8cc460aafec06732f0130c6cb2730717bcc605b388"
            ],
            "version": "==1.4.0"
        },
        "numpy": {
            "hashes": [
                "sha256:a8dbab311d4259de5eeaa5b4e83f5f8545e4808f9144e84c0f424a6ee55a7b98",
                "sha256:034717bfef517858abc79324820a702dc6cd063effb9baab86533e8a78670689",
                "sha256:f39afab5769b3aaa786634b94b4a23ef3c150bdda044e8a32a3fc16ddafe803b",
                "sha256:8670067685051b49d1f2f66e396488064299fefca199c7c80b6ba0c639fedc98",
                "sha256:0db6301324d0568089663ef2701ad90ebac0e975742c97460e89366692bd0563",
                "sha256:98ff275f1b5907490d26b30b6ff111ecf2de0254f0ab08833d8fe61aa2068a00",
                "sha256:aaef1bea636b6e552bbc5dae0ada87d4f6046359daaa97a05a013b0169620f27",
                "sha256:760550fdf9d8ec7da9c4402a4afe6e25c0f184ae132011676298a6b636660b45",
                "sha256:e8578a62a8eaf552b95d62f630bb5dd071243ba1302bbff3e55ac48588508736",
                "sha256:e33baf50f2f6b7153ddb973601a11df852697fba4c08b34a5e0f39f66f8120e1",
                "sha256:0074d42e2cc333800bd09996223d40ec52e3b1ec0a5cab05dacc09b662c4c1ae",
                "sha256:c3fe23df6fe0898e788581753da453f877350058c5982e85a8972feeecb15309",
                "sha256:1864d005b2eb7598063e35c320787d87730d864f40d6410f768fe4ea20672016",
                "sha256:f22b3206f1c561dd9110b93d144c6aaa4a9a354e3b07ad36030df3ea92c5bb5b",
                "sha256:c80fcf9b38c7f4df666150069b04abbd2fe42ae640703a6e1f128cda83b552b7",
                "sha256:510863d606c932b41d2209e4de6157ab3fdf52001d3e4ad351103176d33c4b8b",
                "sha256:c5eb7254cfc4bd7a4330ad7e1f65b98343836865338c57b0e25c661e41d5cfd9",
                "sha256:b8987e30d9a0eb6635df9705a75cf8c4a2835590244baecf210163343bc65176",
                "sha256:57dc6c22d59054542600fce6fae2d1189b9c50bafc1aab32e55f7efcc84a6c46",
                "sha256:46ce8323ca9384814c7645298b8b627b7d04ce97d6948ef02da357b2389d6972",
                "sha256:9ccf4d5c9139b1e985db915039baa0610a7e4a45090580065f8d8cb801b7422f",
                "sha256:560e23a12e7599be8e8b67621396c5bc687fd54b48b890adbc71bc5a67333f86",
                "sha256:9016692c7d390f9d378fc88b7a799dc9caa7eb938163dda5276d3f3d6f75debf"
            ],
            "version": "==1.14.3"
        },
        "pandas": {
            "hashes": [
                "sha256:d88f484a25ac212fd720b5f9b9686e83f86df2b091b51f4b7b1d9089bd842f79",
                "sha256:5de7275fc7222211dcac603ea81f1e143c45f8ec41d2e21df71aad0c95c1097c",
                "sha256:d5f72c8239e46cfcc363c7e532a474b7ea3d8892b7b6e5ec0da6b3ebae2a07d3",
                "sha256:835c5a2aeaa3cb5ef2a1d771c75ee3a73d6ad1b82cfc54677c8f863c75fa51bd",
                "sha256:2d6b7b152a6ba44627c60df291f773c4438df01653abcbec7fc556d6039f1705",
                "sha256:8398d7a47ae667a639ac4ee6724d7ef98602b5ff2b10b5b4d5e6ab45a8d596d2",
                "sha256:758b8f6c68bc99b2eb64e57092d3aa07bd68a774e92e7686e473e0d9c86a2309",
                "sha256:7261b3567804a70714cc2591e2f7f1e372379db9e140f9d7ffb4b8884eaa48f7",
                "sha256:295cf212054b28f1d111f3ffff932a012601558424ec892f2450d6197f6eeb92",
                "sha256:d4495aba61060d87c634fc777ac15aecd1d176987e5ed0585a3ed7e2f4e6c1f7",
                "sha256:9e5ee41d1550ec36093c95e30644e313df4b57c1cdead545754d9c113aecbbb5",
                "sha256:29960ea1783c59fe86b323799b130592149e0f7bb739149e7fc512b0272d9fc3",
                "sha256:98054c04318ba46bb81433230c2e5fab6a68df916ccb5355d428907bfb16b257",
                "sha256:29dde0874d1efb8a346f8d919b0530a9ae788ad1003752376133e38df09e6fcb",
                "sha256:84ab1d50590cb2d9554211f164dc1b1a216bc94da2ba922aed2690c83f248fd9"
            ],
            "version": "==0.23.0"
        },
        "python-dateutil": {
            "hashes": [
                "sha256:1adb80e7a782c12e52ef9a8182bebeb73f1d7e24e374397af06fb4956c8dc5c0",
                "sha256:e27001de32f627c22380a688bcc43ce83504a7bc5da472209b4c70f02829f0b8"
            ],
            "version": "==2.7.3"
        },
        "pytz": {
            "hashes": [
                "sha256:65ae0c8101309c45772196b21b74c46b2e5d11b6275c45d251b150d5da334555",
                "sha256:c06425302f2cf668f1bba7a0a03f3c1d34d4ebeef2c72003da308b3947c7f749"
            ],
            "version": "==2018.4"
        },
        "six": {
            "hashes": [
                "sha256:832dc0e10feb1aa2c68dcc57dbb658f1c7e65b9b61af69048abc87a2db00a0eb",
                "sha256:70e8a77beed4562e7f14fe23a786b54f6296e34344c23bc42f07b15018ff98e9"
            ],
            "version": "==1.11.0"
        },
        "xarray": {
            "hashes": [
                "sha256:70d1af6509deb427783312bfbb0bc64a40ab182727afd4f2b5bd06b52efb585b",
                "sha256:64c2d07b75b8ea1320cba521818a2f09107f5f46514d50ff5ef1c4d5da90aaf1"
            ],
            "version": "==0.10.4"
        }
    },
    "develop": {}
}
