{
    "_meta": {
        "hash": {
            "sha256": "e57eff521d332e153c4a5102d1e970e18cb6a613e46094761348ad1c2f27f0c5"
        },
        "pipfile-spec": 6,
        "requires": {},
        "sources": [
            {
                "name": "pypi",
                "url": "https://pypi.python.org/simple",
                "verify_ssl": true
            }
        ]
    },
    "default": {
        "certifi": {
            "hashes": [
                "sha256:13e698f54293db9f89122b0581843a782ad0934a4fe0172d2a980ba77fc61bb7",
                "sha256:9fa520c1bacfb634fa7af20a76bcbd3d5fb390481724c597da32c719a7dca4b0"
            ],
            "version": "==2018.4.16"
        },
        "cftime": {
            "hashes": [
                "sha256:ef69d9e3445d828aee1193d86ee62dee34143a8b8b4928a8277aab6787b16628",
                "sha256:f62fe79ed2ad38f4211477e59f6f045c91278351f4ce7578e33ddf52fb121ea8"
            ],
            "version": "==1.0.0"
        },
        "chardet": {
            "hashes": [
                "sha256:84ab92ed1c4d4f16916e05906b6b75a6c0fb5db821cc65e70cbd64a3e2a5eaae",
                "sha256:fc323ffcaeaed0e0a02bf4d117757b98aed530d9ed4531e3e15460124c106691"
            ],
            "version": "==3.0.4"
        },
        "cycler": {
            "hashes": [
                "sha256:1d8a5ae1ff6c5cf9b93e8811e581232ad8920aeec647c37316ceac982b08cb2d",
                "sha256:cd7b2d1018258d7247a71425e9f26463dfb444d411c39569972f4ce586b0c9d8"
            ],
            "version": "==0.10.0"
        },
        "cython": {
            "hashes": [
                "sha256:01487236575df8f17b46982071438dce4f7eaf8acc8fb99fca3510d343cd7a28",
                "sha256:0671d17c7a27634d6819246e535241b951141ed0e3f6f2a6d618fd32344dae3e",
                "sha256:0e6190d6971c46729f712dd7307a9c0a8c027bfa5b4d8f2edef106b01759926c",
                "sha256:202587c754901d0678bd6ff89c707f099987928239049a528470c06c6c922cf8",
                "sha256:345197ba9278cf6a914cb7421dc665a0531a219b0072abf6b0cebfdf68e75725",
                "sha256:3a296b8d6b02f0e01ab04bedea658f43eef5ad2f8e586a820226ead1a677d9b1",
                "sha256:484572a2b22823a967be106137a93f7d634db116b3f7accb37dbd760eda2fa9f",
                "sha256:4c67c9c803e50ceff32cc5e4769c50fc8ae8df9c4e5cc592ce8310b5a1076d23",
                "sha256:539038087c321911745fc2e77049209b1231300d481cb4d682b2f95c724814b3",
                "sha256:58113e0683c3688594c112103d7e9f2d0092fd2d8297a220240bea22e184dfdd",
                "sha256:65cb25ca4284804293a2404d1be3b5a98818be21a72791649bacbcfa4e431d41",
                "sha256:699e765da2580e34b08473fc0acef3a2d7bcb7f13eb29401cd25236bcf000080",
                "sha256:6b54c3470810cea49a8be90814d05c5325ceb9c5bf429fd86c36fc1b32dfc157",
                "sha256:71ac1629e4eae2ed329be8caf45efea10bfe1af3d8767e12e64b83e4ea5a3250",
                "sha256:722c179d3df8677f3daf45b1a2764678ed4f0aaddbaa7211a8a08ebfd907c0db",
                "sha256:76ac2b08d3d956d77b574bb43cbf1d37bd58b9d50c04ba281303e695854ebc46",
                "sha256:7eff1157be9e26bf7494288c89979ca69d593a009e2c7420a739e2cf1e0635f5",
                "sha256:99546c8696d27d0efa639c77b2f8af6e61dc3a5073caae4f27ffd991ca926f42",
                "sha256:a0c263b31d335f29c11f4a9e98fbcd908d0731d4ea99bfd27c1c47caaeb4ca2e",
                "sha256:a29c66292605bff962adc26530c030607aa699206b12dfb84f131b0454e15df4",
                "sha256:a4d3724c5a1ddd86d7d830d8e02c40151839b833791dd4b6fe9e144380fa7d37",
                "sha256:aed9f33b19d542eea56c38ef3862ca56147f7903648156cd57eabb0fe47c35d6",
                "sha256:b57e733dd8871d2cc7358c2e0fe33027453afffbcd0ea6a537f54877cad5131c",
                "sha256:d5bf4db62236e82955c40bafbaa18d54b20b5ceefa06fb57c7facc443929f4bd",
                "sha256:d9272dd71ab78e87fa34a0a59bbd6acc9a9c0005c834a6fc8457ff9619dc6795",
                "sha256:e9d5671bcbb90a41b0832fcb3872fcbaca3d68ff11ea09724dd6cbdf31d947fb",
                "sha256:ee54646afb2b73b293c94cf079682d18d404ebd6c01122dc3980f111aec2d8ae",
                "sha256:f16a87197939977824609005b73f9ebb291b9653a14e5f27afc1c5d6f981ba39"
            ],
            "version": "==0.28.4"
        },
        "idna": {
            "hashes": [
                "sha256:156a6814fb5ac1fc6850fb002e0852d56c0c8d2531923a51032d1b70760e186e",
                "sha256:684a38a6f903c1d71d6d5fac066b58d7768af4de2b832e426ec79c30daa94a16"
            ],
            "version": "==2.7"
        },
        "influxdb": {
            "hashes": [
                "sha256:3ba558432d4c64293ada0deccf76527777e76750e99176d3b9dbc5a72bd4163b",
                "sha256:9ae603939b6c3bd0eeb72fdd1d4fbc0a9c7c66a91260486f0bb0effa7d197727"
            ],
            "index": "pypi",
            "version": "==5.2.0"
        },
        "kiwisolver": {
            "hashes": [
                "sha256:0ee4ed8b3ae8f5f712b0aa9ebd2858b5b232f1b9a96b0943dceb34df2a223bc3",
                "sha256:0f7f532f3c94e99545a29f4c3f05637f4d2713e7fd91b4dd8abfc18340b86cd5",
                "sha256:1a078f5dd7e99317098f0e0d490257fd0349d79363e8c923d5bb76428f318421",
                "sha256:1aa0b55a0eb1bd3fa82e704f44fb8f16e26702af1a073cc5030eea399e617b56",
                "sha256:2874060b91e131ceeff00574b7c2140749c9355817a4ed498e82a4ffa308ecbc",
                "sha256:379d97783ba8d2934d52221c833407f20ca287b36d949b4bba6c75274bcf6363",
                "sha256:3b791ddf2aefc56382aadc26ea5b352e86a2921e4e85c31c1f770f527eb06ce4",
                "sha256:4329008a167fac233e398e8a600d1b91539dc33c5a3eadee84c0d4b04d4494fa",
                "sha256:45813e0873bbb679334a161b28cb9606d9665e70561fd6caa8863e279b5e464b",
                "sha256:53a5b27e6b5717bdc0125338a822605084054c80f382051fb945d2c0e6899a20",
                "sha256:574f24b9805cb1c72d02b9f7749aa0cc0b81aa82571be5201aa1453190390ae5",
                "sha256:66f82819ff47fa67a11540da96966fb9245504b7f496034f534b81cacf333861",
                "sha256:79e5fe3ccd5144ae80777e12973027bd2f4f5e3ae8eb286cabe787bed9780138",
                "sha256:83410258eb886f3456714eea4d4304db3a1fc8624623fc3f38a487ab36c0f653",
                "sha256:8b6a7b596ce1d2a6d93c3562f1178ebd3b7bb445b3b0dd33b09f9255e312a965",
                "sha256:9576cb63897fbfa69df60f994082c3f4b8e6adb49cccb60efb2a80a208e6f996",
                "sha256:95a25d9f3449046ecbe9065be8f8380c03c56081bc5d41fe0fb964aaa30b2195",
                "sha256:a424f048bebc4476620e77f3e4d1f282920cef9bc376ba16d0b8fe97eec87cde",
                "sha256:aaec1cfd94f4f3e9a25e144d5b0ed1eb8a9596ec36d7318a504d813412563a85",
                "sha256:acb673eecbae089ea3be3dcf75bfe45fc8d4dcdc951e27d8691887963cf421c7",
                "sha256:b15bc8d2c2848a4a7c04f76c9b3dc3561e95d4dabc6b4f24bfabe5fd81a0b14f",
                "sha256:b1c240d565e977d80c0083404c01e4d59c5772c977fae2c483f100567f50847b",
                "sha256:c595693de998461bcd49b8d20568c8870b3209b8ea323b2a7b0ea86d85864694",
                "sha256:ce3be5d520b4d2c3e5eeb4cd2ef62b9b9ab8ac6b6fedbaa0e39cdb6f50644278",
                "sha256:e0f910f84b35c36a3513b96d816e6442ae138862257ae18a0019d2fc67b041dc",
                "sha256:ea36e19ac0a483eea239320aef0bd40702404ff8c7e42179a2d9d36c5afcb55c",
                "sha256:efabbcd4f406b532206b8801058c8bab9e79645b9880329253ae3322b7b02cd5",
                "sha256:f923406e6b32c86309261b8195e24e18b6a8801df0cfc7814ac44017bfcb3939"
            ],
            "version": "==1.0.1"
        },
        "matplotlib": {
            "hashes": [
                "sha256:07055eb872fa109bd88f599bdb52065704b2e22d475b67675f345d75d32038a0",
                "sha256:0f2f253d6d51f5ed52a819921f8a0a8e054ce0daefcfbc2557e1c433f14dc77d",
                "sha256:1770b70622b78f3fd76638526b8c176af8b23a0b129e0190d9407fa403855e0c",
                "sha256:1ef9fd285334bd6b0495b6de9d56a39dc95081577f27bafabcf28e0d318bed31",
                "sha256:3eb17a4dc45e1ceefb899423e8152e10169fa281f960421c762fd8532186c323",
                "sha256:3fb2db66ef98246bafc04b4ef4e9b0e73c6369f38a29716844e939d197df816a",
                "sha256:3fd90b407d1ab0dae686a4200030ce305526ff20b85a443dc490d194114b2dfa",
                "sha256:45dac8589ef1721d7f2ab0f48f986694494dfcc5d13a3e43a5cb6c816276094e",
                "sha256:4bb10087e09629ba3f9b25b6c734fd3f99542f93d71c5b9c023f28cb377b43a9",
                "sha256:4dc7ef528aad21f22be85e95725234c5178c0f938e2228ca76640e5e84d8cde8",
                "sha256:4f6a516d5ef39128bb16af7457e73dde25c30625c4916d8fbd1cc7c14c55e691",
                "sha256:70f0e407fbe9e97f16597223269c849597047421af5eb8b60dbaca0382037e78",
                "sha256:7b3d03c876684618e2a2be6abeb8d3a033c3a1bb38a786f751199753ef6227e6",
                "sha256:8944d311ce37bee1ba0e41a9b58dcf330ffe0cf29d7654c3d07c572215da68ac",
                "sha256:8ff08eaa25c66383fe3b6c7eb288da3c22dcedc4b110a0b592b35f68d0e093b2",
                "sha256:9d12378d6a236aa38326e27f3a29427b63edce4ce325745785aec1a7535b1f85",
                "sha256:abfd3d9390eb4f2d82cbcaa3a5c2834c581329b64eccb7a071ed9d5df27424f7",
                "sha256:bc4d7481f0e8ec94cb1afc4a59905d6274b3b4c389aba7a2539e071766671735",
                "sha256:c78883145da9b5620aec523fa14ea814e07f2ba26a16b7f68ff7300604a911b3",
                "sha256:dc0ba2080fd0cfdd07b3458ee4324d35806733feb2b080838d7094731d3f73d9",
                "sha256:f26fba7fc68994ab2805d77e0695417f9377a00d36ba4248b5d0f1e5adb08d24",
                "sha256:f397479742c1ca31805a4bffdfcc5f6189a31116b79aa0b83a50c689f42a23bb"
            ],
            "index": "pypi",
            "version": "==2.2.2"
        },
        "netcdf4": {
            "hashes": [
                "sha256:03fa570e52860ded5cfa0783495d5a9739783668bdf002fc37cee52b2531dedf",
                "sha256:0b0fc37bf6b85beada4535fd67fdf4882c60371251a7dc97beca17e034704119",
                "sha256:1e042a617de6660f808506f0b7783475d7bde8a390b10f63ec62f8ba0d921919",
                "sha256:2276aa6d62fd40fa228f2bf5f964f6f5250b3c5fec941eb3d20b9559da6deb32",
                "sha256:236c2eec55f03e3cba57ee4c16e0cd5371cfc514b72a3e624521662dacffd27e",
                "sha256:257bf2ae92826176f6def0bdfd242007bddc8285442307f6828d8d60c7ed2031",
                "sha256:27676ebb98a1405e161c0d2c2ba54a347286f3d2a9370570296fa31c336b0829",
                "sha256:4af5a7c8604952243412b393005a982aecad06f6d1ea000679d239379509dc28",
                "sha256:5b0b5a65cd5bf7912bf650ff0311c9cd70d5f975df40c16f076dd57c16126a7f",
                "sha256:77fdea127358d06ab063ca4163530df030fa0fe571f9ccfe205d5f5d455421b3",
                "sha256:83047a420e937a0351ddb32a3ed119db54ce779e2c39026fdc4b4df9647e57b9",
                "sha256:8434c781496c2f015c55432211e62d204836d28f6ae594ffe13e4721e6b18520",
                "sha256:9a9349676fefd3b47e1ec144cc9fe545090ebf672f33286d2f6d4577ee717049",
                "sha256:9b82bdc43d17dc4f8d7a87dedcde1d5065fa8d30d61d72c2af067fc9627e4946",
                "sha256:a00c155250d2fde448a5c5bae1cddc799989d19f16c9311456ca2776cadc104e",
                "sha256:a6c0b46f410f101c09d60b8cc460aafec06732f0130c6cb2730717bcc605b388",
                "sha256:b61205c7c331a38451b88e0a559ce9b5835c5c5be5bb2885b4557cb477327a57",
                "sha256:b9ef0157fb8ab47245bf434a6041c6730c1b47282aedfbcb26c461acfe60ab94",
                "sha256:c41abedfe0d112ccd67bfff75e9bbd448a33e676658ff8043e5e87eca00b53ce",
                "sha256:c4889f42e88eeb659e2b045e45901659208a6e53699acf0482985bf769e55d30",
                "sha256:d414171b84c974f1bb2682025df6d37d655f313df92a9d12c97aeb72aac1e977",
                "sha256:dd1f81c7427ddbde8dc75f005e15275007798a2e7c294227644558fad4cca4fa",
                "sha256:e9292078efd9b7aca7ce82c9f2b915c4a82b8a0c21f7aba6e1794a573a0315df",
                "sha256:f2da6bbf3ba4217154b7ea7763268e25e24c1dbf1028a0a299143c8f0d2984d8",
                "sha256:fddc614b9ebe047480cb1a2f78ef337478d1e51518a52ba2c9c1fd59bddbe466"
            ],
            "index": "pypi",
            "version": "==1.4.0"
        },
        "numpy": {
            "hashes": [
                "sha256:07379fe0b450f6fd6e5934a9bc015025bb4ce1c8fbed3ca8bef29328b1bc9570",
                "sha256:085afac75bbc97a096744fcfc97a4b321c5a87220286811e85089ae04885acdd",
                "sha256:2d6481c6bdab1c75affc0fc71eb1bd4b3ecef620d06f2f60c3f00521d54be04f",
                "sha256:2df854df882d322d5c23087a4959e145b953dfff2abe1774fec4f639ac2f3160",
                "sha256:381ad13c30cd1d0b2f3da8a0c1a4aa697487e8bb0e9e0cbeb7439776bcb645f8",
                "sha256:385f1ce46e08676505b692bfde918c1e0b350963a15ef52d77691c2cf0f5dbf6",
                "sha256:4130e5ae16c656b7de654dc5e595cfeb85d3a4b0bb0734d19c0dce6dc7ee0e07",
                "sha256:4d278c2261be6423c5e63d8f0ceb1b0c6db3ff83f2906f4b860db6ae99ca1bb5",
                "sha256:51c5dcb51cf88b34b7d04c15f600b07c6ccbb73a089a38af2ab83c02862318da",
                "sha256:589336ba5199c8061239cf446ee2f2f1fcc0c68e8531ee1382b6fc0c66b2d388",
                "sha256:5ae3564cb630e155a650f4f9c054589848e97836bebae5637240a0d8099f817b",
                "sha256:5edf1acc827ed139086af95ce4449b7b664f57a8c29eb755411a634be280d9f2",
                "sha256:6b82b81c6b3b70ed40bc6d0b71222ebfcd6b6c04a6e7945a936e514b9113d5a3",
                "sha256:6c57f973218b776195d0356e556ec932698f3a563e2f640cfca7020086383f50",
                "sha256:758d1091a501fd2d75034e55e7e98bfd1370dc089160845c242db1c760d944d9",
                "sha256:8622db292b766719810e0cb0f62ef6141e15fe32b04e4eb2959888319e59336b",
                "sha256:8b8dcfcd630f1981f0f1e3846fae883376762a0c1b472baa35b145b911683b7b",
                "sha256:91fdd510743ae4df862dbd51a4354519dd9fb8941347526cd9c2194b792b3da9",
                "sha256:97fa8f1dceffab782069b291e38c4c2227f255cdac5f1e3346666931df87373e",
                "sha256:9b705f18b26fb551366ab6347ba9941b62272bf71c6bbcadcd8af94d10535241",
                "sha256:9d69967673ab7b028c2df09cae05ba56bf4e39e3cb04ebe452b6035c3b49848e",
                "sha256:9e1f53afae865cc32459ad211493cf9e2a3651a7295b7a38654ef3d123808996",
                "sha256:a4a433b3a264dbc9aa9c7c241e87c0358a503ea6394f8737df1683c7c9a102ac",
                "sha256:baadc5f770917ada556afb7651a68176559f4dca5f4b2d0947cd15b9fb84fb51",
                "sha256:c725d11990a9243e6ceffe0ab25a07c46c1cc2c5dc55e305717b5afe856c9608",
                "sha256:d696a8c87315a83983fc59dd27efe034292b9e8ad667aeae51a68b4be14690d9",
                "sha256:e1864a4e9f93ddb2dc6b62ccc2ec1f8250ff4ac0d3d7a15c8985dd4e1fbd6418",
                "sha256:e1d18421a7e2ad4a655b76e65d549d4159f8874c18a417464c1d439ee7ccc7cd"
            ],
            "index": "pypi",
            "version": "==1.14.5"
        },
        "pandas": {
            "hashes": [
                "sha256:05ac350f8a35abe6a02054f8cf54e0c048f13423b2acb87d018845afd736f0b4",
                "sha256:174543cd68eaee60620146b38faaed950071f5665e0a4fa4adfdcfc23d7f7936",
                "sha256:1a62a237fb7223c11d09daaeaf7d15f234bb836bfaf3d4f85746cdf9b2582f99",
                "sha256:2c1ed1de5308918a7c6833df6db75a19c416c122921824e306c64a0626b3606c",
                "sha256:33825ad26ce411d6526f903b3d02c0edf627223af59cf4b5876aa925578eec74",
                "sha256:4c5f76fce8a4851f65374ea1d95ca24e9439540550e41e556c0879379517a6f5",
                "sha256:67504a96f72fb4d7f051cfe77b9a7bb0d094c4e2e5a6efb2769eb80f36e6b309",
                "sha256:683e0cc8c7faececbbc06aa4735709a07abad106099f165730c1015da916adec",
                "sha256:77cd1b485c6a860b950ab3a85be7b5683eaacbc51cadf096db967886607d2231",
                "sha256:814f8785f1ab412a7e9b9a8abb81dfe8727ebdeef850ecfaa262c04b1664000f",
                "sha256:894216edaf7dd0a92623cdad423bbec2a23fc06eb9c85483e21876d1ef8f47e9",
                "sha256:9331e20a07360b81d8c7b4b50223da387d264151d533a5a5853325800e6631a4",
                "sha256:9cd3614b4e31a0889388ff1bd19ae857ad52658b33f776065793c293a29cf612",
                "sha256:9d79e958adcd037eba3debbb66222804171197c0f5cd462315d1356aa72a5a30",
                "sha256:b90e5d5460f23607310cbd1688a7517c96ce7b284095a48340d249dfc429172e",
                "sha256:bc80c13ffddc7e269b706ed58002cc4c98cc135c36d827c99fb5ca54ced0eb7a",
                "sha256:cbb074efb2a5e4956b261a670bfc2126b0ccfbf5b96b6ed021bc8c8cb56cf4a8",
                "sha256:e8c62ab16feeda84d4732c42b7b67d7a89ad89df7e99efed80ea017bdc472f26",
                "sha256:ff5ef271805fe877fe0d1337b6b1861113c44c75b9badb595c713a72cd337371"
            ],
            "index": "pypi",
            "version": "==0.23.3"
        },
        "pyparsing": {
            "hashes": [
                "sha256:0832bcf47acd283788593e7a0f542407bd9550a55a8a8435214a1960e04bcb04",
                "sha256:281683241b25fe9b80ec9d66017485f6deff1af5cde372469134b56ca8447a07",
                "sha256:8f1e18d3fd36c6795bb7e02a39fd05c611ffc2596c1e0d995d34d67630426c18",
                "sha256:9e8143a3e15c13713506886badd96ca4b579a87fbdf49e550dbfc057d6cb218e",
                "sha256:b8b3117ed9bdf45e14dcc89345ce638ec7e0e29b2b579fa1ecf32ce45ebac8a5",
                "sha256:e4d45427c6e20a59bf4f88c639dcc03ce30d193112047f94012102f235853a58",
                "sha256:fee43f17a9c4087e7ed1605bd6df994c6173c1e977d7ade7b651292fab2bd010"
            ],
            "version": "==2.2.0"
        },
        "python-dateutil": {
            "hashes": [
                "sha256:1adb80e7a782c12e52ef9a8182bebeb73f1d7e24e374397af06fb4956c8dc5c0",
                "sha256:e27001de32f627c22380a688bcc43ce83504a7bc5da472209b4c70f02829f0b8"
            ],
            "version": "==2.7.3"
        },
        "pytz": {
            "hashes": [
                "sha256:a061aa0a9e06881eb8b3b2b43f05b9439d6583c206d0a6c340ff72a7b6669053",
                "sha256:ffb9ef1de172603304d9d2819af6f5ece76f2e85ec10692a524dd876e72bf277"
            ],
            "version": "==2018.5"
        },
        "requests": {
            "hashes": [
                "sha256:63b52e3c866428a224f97cab011de738c36aec0185aa91cfacd418b5d58911d1",
                "sha256:ec22d826a36ed72a7358ff3fe56cbd4ba69dd7a6718ffd450ff0e9df7a47ce6a"
            ],
            "version": "==2.19.1"
        },
        "six": {
            "hashes": [
                "sha256:70e8a77beed4562e7f14fe23a786b54f6296e34344c23bc42f07b15018ff98e9",
                "sha256:832dc0e10feb1aa2c68dcc57dbb658f1c7e65b9b61af69048abc87a2db00a0eb"
            ],
            "version": "==1.11.0"
        },
        "urllib3": {
            "hashes": [
                "sha256:a68ac5e15e76e7e5dd2b8f94007233e01effe3e50e8daddf69acfd81cb686baf",
                "sha256:b5725a0bd4ba422ab0e66e89e030c806576753ea3ee08554382c14e685d117b5"
            ],
            "version": "==1.23"
        },
        "xarray": {
            "hashes": [
                "sha256:b6f2eea765ab6debf96c43248e4bb4087fa2e527003554ca6ab0f0d640d24e16",
                "sha256:d87241580e3eccb961dfc16e804e1b92b3d6a8000ffee82ceb076767934342cc"
            ],
            "index": "pypi",
            "version": "==0.10.7"
        }
    },
    "develop": {}
}
